
Microsoft Visual Studio Solution File, Format Version 12.00
# Visual Studio Version 17
VisualStudioVersion = 17.2.32630.192
MinimumVisualStudioVersion = 10.0.40219.1
Project("{FAE04EC0-301F-11D3-BF4B-00C04F79EFBC}") = "SerExtra.Web", "SerExtra\SerExtra.Web\SerExtra.Web.csproj", "{E298DC33-D240-4585-AC47-775575246780}"
EndProject
Project("{9A19103F-16F7-4668-BE54-9A1E7A4F7556}") = "SerExtraNet5.Web", "SerExtraNet5\SerExtraNet5.Web\SerExtraNet5.Web.csproj", "{F4EB0C9A-9B3E-43B8-A05F-4BA8E6786350}"
EndProject
Project("{FAE04EC0-301F-11D3-BF4B-00C04F79EFBC}") = "SerExtraESM.Web", "SerExtraESM\SerExtraESM.Web\SerExtraESM.Web.csproj", "{A84579B9-FFEA-451A-946C-0BB8DDAA4238}"
EndProject
Project("{FAE04EC0-301F-11D3-BF4B-00C04F79EFBC}") = "SerExtraNet8.Web", "SerExtraNet8\SerExtraNet8.Web\SerExtraNet8.Web.csproj", "{FA8D30C5-24A0-43B5-ADC8-24505892B863}"
EndProject
Global
	GlobalSection(SolutionConfigurationPlatforms) = preSolution
		Debug|Any CPU = Debug|Any CPU
		Release|Any CPU = Release|Any CPU
	EndGlobalSection
	GlobalSection(ProjectConfigurationPlatforms) = postSolution
		{E298DC33-D240-4585-AC47-775575246780}.Debug|Any CPU.ActiveCfg = Debug|Any CPU
		{E298DC33-D240-4585-AC47-775575246780}.Debug|Any CPU.Build.0 = Debug|Any CPU
		{E298DC33-D240-4585-AC47-775575246780}.Release|Any CPU.ActiveCfg = Release|Any CPU
		{E298DC33-D240-4585-AC47-775575246780}.Release|Any CPU.Build.0 = Release|Any CPU
		{F4EB0C9A-9B3E-43B8-A05F-4BA8E6786350}.Debug|Any CPU.ActiveCfg = Debug|Any CPU
		{F4EB0C9A-9B3E-43B8-A05F-4BA8E6786350}.Debug|Any CPU.Build.0 = Debug|Any CPU
		{F4EB0C9A-9B3E-43B8-A05F-4BA8E6786350}.Release|Any CPU.ActiveCfg = Release|Any CPU
		{F4EB0C9A-9B3E-43B8-A05F-4BA8E6786350}.Release|Any CPU.Build.0 = Release|Any CPU
		{A84579B9-FFEA-451A-946C-0BB8DDAA4238}.Debug|Any CPU.ActiveCfg = Debug|Any CPU
		{A84579B9-FFEA-451A-946C-0BB8DDAA4238}.Debug|Any CPU.Build.0 = Debug|Any CPU
		{A84579B9-FFEA-451A-946C-0BB8DDAA4238}.Release|Any CPU.ActiveCfg = Release|Any CPU
		{A84579B9-FFEA-451A-946C-0BB8DDAA4238}.Release|Any CPU.Build.0 = Release|Any CPU
		{FA8D30C5-24A0-43B5-ADC8-24505892B863}.Debug|Any CPU.ActiveCfg = Debug|Any CPU
		{FA8D30C5-24A0-43B5-ADC8-24505892B863}.Debug|Any CPU.Build.0 = Debug|Any CPU
		{FA8D30C5-24A0-43B5-ADC8-24505892B863}.Release|Any CPU.ActiveCfg = Release|Any CPU
		{FA8D30C5-24A0-43B5-ADC8-24505892B863}.Release|Any CPU.Build.0 = Release|Any CPU
	EndGlobalSection
	GlobalSection(SolutionProperties) = preSolution
		HideSolutionNode = FALSE
	EndGlobalSection
	GlobalSection(ExtensibilityGlobals) = postSolution
		SolutionGuid = {94F1919A-9FBD-48C4-973C-E67C92950163}
	EndGlobalSection
EndGlobal
