
Microsoft Visual Studio Solution File, Format Version 12.00
# Visual Studio Version 16
VisualStudioVersion = 16.0.29411.108
MinimumVisualStudioVersion = 10.0.40219.1
Project("{FAE04EC0-301F-11D3-BF4B-00C04F79EFBC}") = "SerExtra.Web", "SerExtra\SerExtra.Web\SerExtra.Web.csproj", "{E298DC33-D240-4585-AC47-775575246780}"
EndProject
Project("{FAE04EC0-301F-11D3-BF4B-00C04F79EFBC}") = "SerExtraCore.Web", "SerExtraCore\SerExtraCore.Web\SerExtraCore.Web.csproj", "{49F052D8-E49C-4C03-8C2A-68A62DD4585C}"
EndProject
Global
	GlobalSection(SolutionConfigurationPlatforms) = preSolution
		Debug|Any CPU = Debug|Any CPU
		Release|Any CPU = Release|Any CPU
	EndGlobalSection
	GlobalSection(ProjectConfigurationPlatforms) = postSolution
		{E298DC33-D240-4585-AC47-775575246780}.Debug|Any CPU.ActiveCfg = Debug|Any CPU
		{E298DC33-D240-4585-AC47-775575246780}.Debug|Any CPU.Build.0 = Debug|Any CPU
		{E298DC33-D240-4585-AC47-775575246780}.Release|Any CPU.ActiveCfg = Release|Any CPU
		{E298DC33-D240-4585-AC47-775575246780}.Release|Any CPU.Build.0 = Release|Any CPU
		{49F052D8-E49C-4C03-8C2A-68A62DD4585C}.Debug|Any CPU.ActiveCfg = Debug|Any CPU
		{49F052D8-E49C-4C03-8C2A-68A62DD4585C}.Debug|Any CPU.Build.0 = Debug|Any CPU
		{49F052D8-E49C-4C03-8C2A-68A62DD4585C}.Release|Any CPU.ActiveCfg = Release|Any CPU
		{49F052D8-E49C-4C03-8C2A-68A62DD4585C}.Release|Any CPU.Build.0 = Release|Any CPU
	EndGlobalSection
	GlobalSection(SolutionProperties) = preSolution
		HideSolutionNode = FALSE
	EndGlobalSection
	GlobalSection(ExtensibilityGlobals) = postSolution
		SolutionGuid = {94F1919A-9FBD-48C4-973C-E67C92950163}
	EndGlobalSection
EndGlobal
